
Microsoft Visual Studio Solution File, Format Version 12.00
Project("{FAE04EC0-301F-11D3-BF4B-00C04F79EFBC}") = "FileDownloaderLib", "FileDownloaderLib\FileDownloaderLib.csproj", "{8F0B9EAE-4106-47A5-95A2-D27C2500FF5C}"
EndProject
Project("{FAE04EC0-301F-11D3-BF4B-00C04F79EFBC}") = "FileDownloaderConsoleApp", "FileDownloaderConsoleApp\FileDownloaderConsoleApp.csproj", "{ED9E21F8-7ABC-497A-96C1-E680A43FF622}"
EndProject
Global
	GlobalSection(SolutionConfigurationPlatforms) = preSolution
		Debug|Any CPU = Debug|Any CPU
		Release|Any CPU = Release|Any CPU
	EndGlobalSection
	GlobalSection(ProjectConfigurationPlatforms) = postSolution
		{8F0B9EAE-4106-47A5-95A2-D27C2500FF5C}.Debug|Any CPU.ActiveCfg = Debug|Any CPU
		{8F0B9EAE-4106-47A5-95A2-D27C2500FF5C}.Debug|Any CPU.Build.0 = Debug|Any CPU
		{8F0B9EAE-4106-47A5-95A2-D27C2500FF5C}.Release|Any CPU.ActiveCfg = Release|Any CPU
		{8F0B9EAE-4106-47A5-95A2-D27C2500FF5C}.Release|Any CPU.Build.0 = Release|Any CPU
		{ED9E21F8-7ABC-497A-96C1-E680A43FF622}.Debug|Any CPU.ActiveCfg = Debug|Any CPU
		{ED9E21F8-7ABC-497A-96C1-E680A43FF622}.Debug|Any CPU.Build.0 = Debug|Any CPU
		{ED9E21F8-7ABC-497A-96C1-E680A43FF622}.Release|Any CPU.ActiveCfg = Release|Any CPU
		{ED9E21F8-7ABC-497A-96C1-E680A43FF622}.Release|Any CPU.Build.0 = Release|Any CPU
	EndGlobalSection
EndGlobal
